// !$*UTF8*$!
{
	archiveVersion = 1;
	classes = {
	};
	objectVersion = 46;
	objects = {

/* Begin PBXBuildFile section */
		ACE601A71900256800040DDB /* Foundation.framework in Frameworks */ = {isa = PBXBuildFile; fileRef = ACE601A61900256800040DDB /* Foundation.framework */; };
		ACE601A91900256800040DDB /* CoreGraphics.framework in Frameworks */ = {isa = PBXBuildFile; fileRef = ACE601A81900256800040DDB /* CoreGraphics.framework */; };
		ACE601AB1900256800040DDB /* UIKit.framework in Frameworks */ = {isa = PBXBuildFile; fileRef = ACE601AA1900256800040DDB /* UIKit.framework */; };
		ACE601B11900256800040DDB /* InfoPlist.strings in Resources */ = {isa = PBXBuildFile; fileRef = ACE601AF1900256800040DDB /* InfoPlist.strings */; };
		ACE601B31900256800040DDB /* main.m in Sources */ = {isa = PBXBuildFile; fileRef = ACE601B21900256800040DDB /* main.m */; };
		ACE601B71900256800040DDB /* LocalNotifyAppDelegate.m in Sources */ = {isa = PBXBuildFile; fileRef = ACE601B61900256800040DDB /* LocalNotifyAppDelegate.m */; };
		ACE601BA1900256800040DDB /* Main.storyboard in Resources */ = {isa = PBXBuildFile; fileRef = ACE601B81900256800040DDB /* Main.storyboard */; };
		ACE601BD1900256800040DDB /* LocalNotifyViewController.m in Sources */ = {isa = PBXBuildFile; fileRef = ACE601BC1900256800040DDB /* LocalNotifyViewController.m */; };
		ACE601BF1900256800040DDB /* Images.xcassets in Resources */ = {isa = PBXBuildFile; fileRef = ACE601BE1900256800040DDB /* Images.xcassets */; };
		ACE601C61900256800040DDB /* XCTest.framework in Frameworks */ = {isa = PBXBuildFile; fileRef = ACE601C51900256800040DDB /* XCTest.framework */; };
		ACE601C71900256800040DDB /* Foundation.framework in Frameworks */ = {isa = PBXBuildFile; fileRef = ACE601A61900256800040DDB /* Foundation.framework */; };
		ACE601C81900256800040DDB /* UIKit.framework in Frameworks */ = {isa = PBXBuildFile; fileRef = ACE601AA1900256800040DDB /* UIKit.framework */; };
		ACE601D01900256800040DDB /* InfoPlist.strings in Resources */ = {isa = PBXBuildFile; fileRef = ACE601CE1900256800040DDB /* InfoPlist.strings */; };
		ACE601D21900256800040DDB /* LocalNotifyTests.m in Sources */ = {isa = PBXBuildFile; fileRef = ACE601D11900256800040DDB /* LocalNotifyTests.m */; };
		ACE601DC190027D200040DDB /* bell_tree.mp3 in Resources */ = {isa = PBXBuildFile; fileRef = ACE601DB190027D200040DDB /* bell_tree.mp3 */; };
/* End PBXBuildFile section */

/* Begin PBXContainerItemProxy section */
		ACE601C91900256800040DDB /* PBXContainerItemProxy */ = {
			isa = PBXContainerItemProxy;
			containerPortal = ACE6019B1900256800040DDB /* Project object */;
			proxyType = 1;
			remoteGlobalIDString = ACE601A21900256800040DDB;
			remoteInfo = LocalNotify;
		};
/* End PBXContainerItemProxy section */

/* Begin PBXFileReference section */
		ACE601A31900256800040DDB /* LocalNotify.app */ = {isa = PBXFileReference; explicitFileType = wrapper.application; includeInIndex = 0; path = LocalNotify.app; sourceTree = BUILT_PRODUCTS_DIR; };
		ACE601A61900256800040DDB /* Foundation.framework */ = {isa = PBXFileReference; lastKnownFileType = wrapper.framework; name = Foundation.framework; path = System/Library/Frameworks/Foundation.framework; sourceTree = SDKROOT; };
		ACE601A81900256800040DDB /* CoreGraphics.framework */ = {isa = PBXFileReference; lastKnownFileType = wrapper.framework; name = CoreGraphics.framework; path = System/Library/Frameworks/CoreGraphics.framework; sourceTree = SDKROOT; };
		ACE601AA1900256800040DDB /* UIKit.framework */ = {isa = PBXFileReference; lastKnownFileType = wrapper.framework; name = UIKit.framework; path = System/Library/Frameworks/UIKit.framework; sourceTree = SDKROOT; };
		ACE601AE1900256800040DDB /* LocalNotify-Info.plist */ = {isa = PBXFileReference; lastKnownFileType = text.plist.xml; path = "LocalNotify-Info.plist"; sourceTree = "<group>"; };
		ACE601B01900256800040DDB /* en */ = {isa = PBXFileReference; lastKnownFileType = text.plist.strings; name = en; path = en.lproj/InfoPlist.strings; sourceTree = "<group>"; };
		ACE601B21900256800040DDB /* main.m */ = {isa = PBXFileReference; lastKnownFileType = sourcecode.c.objc; path = main.m; sourceTree = "<group>"; };
		ACE601B41900256800040DDB /* LocalNotify-Prefix.pch */ = {isa = PBXFileReference; lastKnownFileType = sourcecode.c.h; path = "LocalNotify-Prefix.pch"; sourceTree = "<group>"; };
		ACE601B51900256800040DDB /* LocalNotifyAppDelegate.h */ = {isa = PBXFileReference; lastKnownFileType = sourcecode.c.h; path = LocalNotifyAppDelegate.h; sourceTree = "<group>"; };
		ACE601B61900256800040DDB /* LocalNotifyAppDelegate.m */ = {isa = PBXFileReference; lastKnownFileType = sourcecode.c.objc; path = LocalNotifyAppDelegate.m; sourceTree = "<group>"; };
		ACE601B91900256800040DDB /* Base */ = {isa = PBXFileReference; lastKnownFileType = file.storyboard; name = Base; path = Base.lproj/Main.storyboard; sourceTree = "<group>"; };
		ACE601BB1900256800040DDB /* LocalNotifyViewController.h */ = {isa = PBXFileReference; lastKnownFileType = sourcecode.c.h; path = LocalNotifyViewController.h; sourceTree = "<group>"; };
		ACE601BC1900256800040DDB /* LocalNotifyViewController.m */ = {isa = PBXFileReference; lastKnownFileType = sourcecode.c.objc; path = LocalNotifyViewController.m; sourceTree = "<group>"; };
		ACE601BE1900256800040DDB /* Images.xcassets */ = {isa = PBXFileReference; lastKnownFileType = folder.assetcatalog; path = Images.xcassets; sourceTree = "<group>"; };
		ACE601C41900256800040DDB /* LocalNotifyTests.xctest */ = {isa = PBXFileReference; explicitFileType = wrapper.cfbundle; includeInIndex = 0; path = LocalNotifyTests.xctest; sourceTree = BUILT_PRODUCTS_DIR; };
		ACE601C51900256800040DDB /* XCTest.framework */ = {isa = PBXFileReference; lastKnownFileType = wrapper.framework; name = XCTest.framework; path = Library/Frameworks/XCTest.framework; sourceTree = DEVELOPER_DIR; };
		ACE601CD1900256800040DDB /* LocalNotifyTests-Info.plist */ = {isa = PBXFileReference; lastKnownFileType = text.plist.xml; path = "LocalNotifyTests-Info.plist"; sourceTree = "<group>"; };
		ACE601CF1900256800040DDB /* en */ = {isa = PBXFileReference; lastKnownFileType = text.plist.strings; name = en; path = en.lproj/InfoPlist.strings; sourceTree = "<group>"; };
		ACE601D11900256800040DDB /* LocalNotifyTests.m */ = {isa = PBXFileReference; lastKnownFileType = sourcecode.c.objc; path = LocalNotifyTests.m; sourceTree = "<group>"; };
		ACE601DB190027D200040DDB /* bell_tree.mp3 */ = {isa = PBXFileReference; lastKnownFileType = audio.mp3; path = bell_tree.mp3; sourceTree = "<group>"; };
/* End PBXFileReference section */

/* Begin PBXFrameworksBuildPhase section */
		ACE601A01900256800040DDB /* Frameworks */ = {
			isa = PBXFrameworksBuildPhase;
			buildActionMask = 2147483647;
			files = (
				ACE601A91900256800040DDB /* CoreGraphics.framework in Frameworks */,
				ACE601AB1900256800040DDB /* UIKit.framework in Frameworks */,
				ACE601A71900256800040DDB /* Foundation.framework in Frameworks */,
			);
			runOnlyForDeploymentPostprocessing = 0;
		};
		ACE601C11900256800040DDB /* Frameworks */ = {
			isa = PBXFrameworksBuildPhase;
			buildActionMask = 2147483647;
			files = (
				ACE601C61900256800040DDB /* XCTest.framework in Frameworks */,
				ACE601C81900256800040DDB /* UIKit.framework in Frameworks */,
				ACE601C71900256800040DDB /* Foundation.framework in Frameworks */,
			);
			runOnlyForDeploymentPostprocessing = 0;
		};
/* End PBXFrameworksBuildPhase section */

/* Begin PBXGroup section */
		ACE6019A1900256800040DDB = {
			isa = PBXGroup;
			children = (
				ACE601AC1900256800040DDB /* LocalNotify */,
				ACE601CB1900256800040DDB /* LocalNotifyTests */,
				ACE601A51900256800040DDB /* Frameworks */,
				ACE601A41900256800040DDB /* Products */,
			);
			sourceTree = "<group>";
		};
		ACE601A41900256800040DDB /* Products */ = {
			isa = PBXGroup;
			children = (
				ACE601A31900256800040DDB /* LocalNotify.app */,
				ACE601C41900256800040DDB /* LocalNotifyTests.xctest */,
			);
			name = Products;
			sourceTree = "<group>";
		};
		ACE601A51900256800040DDB /* Frameworks */ = {
			isa = PBXGroup;
			children = (
				ACE601A61900256800040DDB /* Foundation.framework */,
				ACE601A81900256800040DDB /* CoreGraphics.framework */,
				ACE601AA1900256800040DDB /* UIKit.framework */,
				ACE601C51900256800040DDB /* XCTest.framework */,
			);
			name = Frameworks;
			sourceTree = "<group>";
		};
		ACE601AC1900256800040DDB /* LocalNotify */ = {
			isa = PBXGroup;
			children = (
				ACE601B51900256800040DDB /* LocalNotifyAppDelegate.h */,
				ACE601B61900256800040DDB /* LocalNotifyAppDelegate.m */,
				ACE601B81900256800040DDB /* Main.storyboard */,
				ACE601BB1900256800040DDB /* LocalNotifyViewController.h */,
				ACE601BC1900256800040DDB /* LocalNotifyViewController.m */,
				ACE601BE1900256800040DDB /* Images.xcassets */,
				ACE601AD1900256800040DDB /* Supporting Files */,
			);
			path = LocalNotify;
			sourceTree = "<group>";
		};
		ACE601AD1900256800040DDB /* Supporting Files */ = {
			isa = PBXGroup;
			children = (
				ACE601DB190027D200040DDB /* bell_tree.mp3 */,
				ACE601AE1900256800040DDB /* LocalNotify-Info.plist */,
				ACE601AF1900256800040DDB /* InfoPlist.strings */,
				ACE601B21900256800040DDB /* main.m */,
				ACE601B41900256800040DDB /* LocalNotify-Prefix.pch */,
			);
			name = "Supporting Files";
			sourceTree = "<group>";
		};
		ACE601CB1900256800040DDB /* LocalNotifyTests */ = {
			isa = PBXGroup;
			children = (
				ACE601D11900256800040DDB /* LocalNotifyTests.m */,
				ACE601CC1900256800040DDB /* Supporting Files */,
			);
			path = LocalNotifyTests;
			sourceTree = "<group>";
		};
		ACE601CC1900256800040DDB /* Supporting Files */ = {
			isa = PBXGroup;
			children = (
				ACE601CD1900256800040DDB /* LocalNotifyTests-Info.plist */,
				ACE601CE1900256800040DDB /* InfoPlist.strings */,
			);
			name = "Supporting Files";
			sourceTree = "<group>";
		};
/* End PBXGroup section */

/* Begin PBXNativeTarget section */
		ACE601A21900256800040DDB /* LocalNotify */ = {
			isa = PBXNativeTarget;
			buildConfigurationList = ACE601D51900256800040DDB /* Build configuration list for PBXNativeTarget "LocalNotify" */;
			buildPhases = (
				ACE6019F1900256800040DDB /* Sources */,
				ACE601A01900256800040DDB /* Frameworks */,
				ACE601A11900256800040DDB /* Resources */,
			);
			buildRules = (
			);
			dependencies = (
			);
			name = LocalNotify;
			productName = LocalNotify;
			productReference = ACE601A31900256800040DDB /* LocalNotify.app */;
			productType = "com.apple.product-type.application";
		};
		ACE601C31900256800040DDB /* LocalNotifyTests */ = {
			isa = PBXNativeTarget;
			buildConfigurationList = ACE601D81900256800040DDB /* Build configuration list for PBXNativeTarget "LocalNotifyTests" */;
			buildPhases = (
				ACE601C01900256800040DDB /* Sources */,
				ACE601C11900256800040DDB /* Frameworks */,
				ACE601C21900256800040DDB /* Resources */,
			);
			buildRules = (
			);
			dependencies = (
				ACE601CA1900256800040DDB /* PBXTargetDependency */,
			);
			name = LocalNotifyTests;
			productName = LocalNotifyTests;
			productReference = ACE601C41900256800040DDB /* LocalNotifyTests.xctest */;
			productType = "com.apple.product-type.bundle.unit-test";
		};
/* End PBXNativeTarget section */

/* Begin PBXProject section */
		ACE6019B1900256800040DDB /* Project object */ = {
			isa = PBXProject;
			attributes = {
				CLASSPREFIX = LocalNotify;
				LastUpgradeCheck = 0510;
				ORGANIZATIONNAME = is3av;
				TargetAttributes = {
					ACE601C31900256800040DDB = {
						TestTargetID = ACE601A21900256800040DDB;
					};
				};
			};
			buildConfigurationList = ACE6019E1900256800040DDB /* Build configuration list for PBXProject "LocalNotify" */;
			compatibilityVersion = "Xcode 3.2";
			developmentRegion = English;
			hasScannedForEncodings = 0;
			knownRegions = (
				en,
				Base,
			);
			mainGroup = ACE6019A1900256800040DDB;
			productRefGroup = ACE601A41900256800040DDB /* Products */;
			projectDirPath = "";
			projectRoot = "";
			targets = (
				ACE601A21900256800040DDB /* LocalNotify */,
				ACE601C31900256800040DDB /* LocalNotifyTests */,
			);
		};
/* End PBXProject section */

/* Begin PBXResourcesBuildPhase section */
		ACE601A11900256800040DDB /* Resources */ = {
			isa = PBXResourcesBuildPhase;
			buildActionMask = 2147483647;
			files = (
				ACE601BF1900256800040DDB /* Images.xcassets in Resources */,
				ACE601DC190027D200040DDB /* bell_tree.mp3 in Resources */,
				ACE601B11900256800040DDB /* InfoPlist.strings in Resources */,
				ACE601BA1900256800040DDB /* Main.storyboard in Resources */,
			);
			runOnlyForDeploymentPostprocessing = 0;
		};
		ACE601C21900256800040DDB /* Resources */ = {
			isa = PBXResourcesBuildPhase;
			buildActionMask = 2147483647;
			files = (
				ACE601D01900256800040DDB /* InfoPlist.strings in Resources */,
			);
			runOnlyForDeploymentPostprocessing = 0;
		};
/* End PBXResourcesBuildPhase section */

/* Begin PBXSourcesBuildPhase section */
		ACE6019F1900256800040DDB /* Sources */ = {
			isa = PBXSourcesBuildPhase;
			buildActionMask = 2147483647;
			files = (
				ACE601BD1900256800040DDB /* LocalNotifyViewController.m in Sources */,
				ACE601B31900256800040DDB /* main.m in Sources */,
				ACE601B71900256800040DDB /* LocalNotifyAppDelegate.m in Sources */,
			);
			runOnlyForDeploymentPostprocessing = 0;
		};
		ACE601C01900256800040DDB /* Sources */ = {
			isa = PBXSourcesBuildPhase;
			buildActionMask = 2147483647;
			files = (
				ACE601D21900256800040DDB /* LocalNotifyTests.m in Sources */,
			);
			runOnlyForDeploymentPostprocessing = 0;
		};
/* End PBXSourcesBuildPhase section */

/* Begin PBXTargetDependency section */
		ACE601CA1900256800040DDB /* PBXTargetDependency */ = {
			isa = PBXTargetDependency;
			target = ACE601A21900256800040DDB /* LocalNotify */;
			targetProxy = ACE601C91900256800040DDB /* PBXContainerItemProxy */;
		};
/* End PBXTargetDependency section */

/* Begin PBXVariantGroup section */
		ACE601AF1900256800040DDB /* InfoPlist.strings */ = {
			isa = PBXVariantGroup;
			children = (
				ACE601B01900256800040DDB /* en */,
			);
			name = InfoPlist.strings;
			sourceTree = "<group>";
		};
		ACE601B81900256800040DDB /* Main.storyboard */ = {
			isa = PBXVariantGroup;
			children = (
				ACE601B91900256800040DDB /* Base */,
			);
			name = Main.storyboard;
			sourceTree = "<group>";
		};
		ACE601CE1900256800040DDB /* InfoPlist.strings */ = {
			isa = PBXVariantGroup;
			children = (
				ACE601CF1900256800040DDB /* en */,
			);
			name = InfoPlist.strings;
			sourceTree = "<group>";
		};
/* End PBXVariantGroup section */

/* Begin XCBuildConfiguration section */
		ACE601D31900256800040DDB /* Debug */ = {
			isa = XCBuildConfiguration;
			buildSettings = {
				ALWAYS_SEARCH_USER_PATHS = NO;
				CLANG_CXX_LANGUAGE_STANDARD = "gnu++0x";
				CLANG_CXX_LIBRARY = "libc++";
				CLANG_ENABLE_MODULES = YES;
				CLANG_ENABLE_OBJC_ARC = YES;
				CLANG_WARN_BOOL_CONVERSION = YES;
				CLANG_WARN_CONSTANT_CONVERSION = YES;
				CLANG_WARN_DIRECT_OBJC_ISA_USAGE = YES_ERROR;
				CLANG_WARN_EMPTY_BODY = YES;
				CLANG_WARN_ENUM_CONVERSION = YES;
				CLANG_WARN_INT_CONVERSION = YES;
				CLANG_WARN_OBJC_ROOT_CLASS = YES_ERROR;
				CLANG_WARN__DUPLICATE_METHOD_MATCH = YES;
				"CODE_SIGN_IDENTITY[sdk=iphoneos*]" = "iPhone Developer";
				COPY_PHASE_STRIP = NO;
				GCC_C_LANGUAGE_STANDARD = gnu99;
				GCC_DYNAMIC_NO_PIC = NO;
				GCC_OPTIMIZATION_LEVEL = 0;
				GCC_PREPROCESSOR_DEFINITIONS = (
					"DEBUG=1",
					"$(inherited)",
				);
				GCC_SYMBOLS_PRIVATE_EXTERN = NO;
				GCC_WARN_64_TO_32_BIT_CONVERSION = YES;
				GCC_WARN_ABOUT_RETURN_TYPE = YES_ERROR;
				GCC_WARN_UNDECLARED_SELECTOR = YES;
				GCC_WARN_UNINITIALIZED_AUTOS = YES_AGGRESSIVE;
				GCC_WARN_UNUSED_FUNCTION = YES;
				GCC_WARN_UNUSED_VARIABLE = YES;
				IPHONEOS_DEPLOYMENT_TARGET = 7.1;
				ONLY_ACTIVE_ARCH = YES;
				SDKROOT = iphoneos;
			};
			name = Debug;
		};
		ACE601D41900256800040DDB /* Release */ = {
			isa = XCBuildConfiguration;
			buildSettings = {
				ALWAYS_SEARCH_USER_PATHS = NO;
				CLANG_CXX_LANGUAGE_STANDARD = "gnu++0x";
				CLANG_CXX_LIBRARY = "libc++";
				CLANG_ENABLE_MODULES = YES;
				CLANG_ENABLE_OBJC_ARC = YES;
				CLANG_WARN_BOOL_CONVERSION = YES;
				CLANG_WARN_CONSTANT_CONVERSION = YES;
				CLANG_WARN_DIRECT_OBJC_ISA_USAGE = YES_ERROR;
				CLANG_WARN_EMPTY_BODY = YES;
				CLANG_WARN_ENUM_CONVERSION = YES;
				CLANG_WARN_INT_CONVERSION = YES;
				CLANG_WARN_OBJC_ROOT_CLASS = YES_ERROR;
				CLANG_WARN__DUPLICATE_METHOD_MATCH = YES;
				"CODE_SIGN_IDENTITY[sdk=iphoneos*]" = "iPhone Developer";
				COPY_PHASE_STRIP = YES;
				ENABLE_NS_ASSERTIONS = NO;
				GCC_C_LANGUAGE_STANDARD = gnu99;
				GCC_WARN_64_TO_32_BIT_CONVERSION = YES;
				GCC_WARN_ABOUT_RETURN_TYPE = YES_ERROR;
				GCC_WARN_UNDECLARED_SELECTOR = YES;
				GCC_WARN_UNINITIALIZED_AUTOS = YES_AGGRESSIVE;
				GCC_WARN_UNUSED_FUNCTION = YES;
				GCC_WARN_UNUSED_VARIABLE = YES;
				IPHONEOS_DEPLOYMENT_TARGET = 7.1;
				SDKROOT = iphoneos;
				VALIDATE_PRODUCT = YES;
			};
			name = Release;
		};
		ACE601D61900256800040DDB /* Debug */ = {
			isa = XCBuildConfiguration;
			buildSettings = {
				ASSETCATALOG_COMPILER_APPICON_NAME = AppIcon;
				ASSETCATALOG_COMPILER_LAUNCHIMAGE_NAME = LaunchImage;
				GCC_PRECOMPILE_PREFIX_HEADER = YES;
				GCC_PREFIX_HEADER = "LocalNotify/LocalNotify-Prefix.pch";
				INFOPLIST_FILE = "LocalNotify/LocalNotify-Info.plist";
				PRODUCT_NAME = "$(TARGET_NAME)";
				WRAPPER_EXTENSION = app;
			};
			name = Debug;
		};
		ACE601D71900256800040DDB /* Release */ = {
			isa = XCBuildConfiguration;
			buildSettings = {
				ASSETCATALOG_COMPILER_APPICON_NAME = AppIcon;
				ASSETCATALOG_COMPILER_LAUNCHIMAGE_NAME = LaunchImage;
				GCC_PRECOMPILE_PREFIX_HEADER = YES;
				GCC_PREFIX_HEADER = "LocalNotify/LocalNotify-Prefix.pch";
				INFOPLIST_FILE = "LocalNotify/LocalNotify-Info.plist";
				PRODUCT_NAME = "$(TARGET_NAME)";
				WRAPPER_EXTENSION = app;
			};
			name = Release;
		};
		ACE601D91900256800040DDB /* Debug */ = {
			isa = XCBuildConfiguration;
			buildSettings = {
				BUNDLE_LOADER = "$(BUILT_PRODUCTS_DIR)/LocalNotify.app/LocalNotify";
				FRAMEWORK_SEARCH_PATHS = (
					"$(SDKROOT)/Developer/Library/Frameworks",
					"$(inherited)",
					"$(DEVELOPER_FRAMEWORKS_DIR)",
				);
				GCC_PRECOMPILE_PREFIX_HEADER = YES;
				GCC_PREFIX_HEADER = "LocalNotify/LocalNotify-Prefix.pch";
				GCC_PREPROCESSOR_DEFINITIONS = (
					"DEBUG=1",
					"$(inherited)",
				);
				INFOPLIST_FILE = "LocalNotifyTests/LocalNotifyTests-Info.plist";
				PRODUCT_NAME = "$(TARGET_NAME)";
				TEST_HOST = "$(BUNDLE_LOADER)";
				WRAPPER_EXTENSION = xctest;
			};
			name = Debug;
		};
		ACE601DA1900256800040DDB /* Release */ = {
			isa = XCBuildConfiguration;
			buildSettings = {
				BUNDLE_LOADER = "$(BUILT_PRODUCTS_DIR)/LocalNotify.app/LocalNotify";
				FRAMEWORK_SEARCH_PATHS = (
					"$(SDKROOT)/Developer/Library/Frameworks",
					"$(inherited)",
					"$(DEVELOPER_FRAMEWORKS_DIR)",
				);
				GCC_PRECOMPILE_PREFIX_HEADER = YES;
				GCC_PREFIX_HEADER = "LocalNotify/LocalNotify-Prefix.pch";
				INFOPLIST_FILE = "LocalNotifyTests/LocalNotifyTests-Info.plist";
				PRODUCT_NAME = "$(TARGET_NAME)";
				TEST_HOST = "$(BUNDLE_LOADER)";
				WRAPPER_EXTENSION = xctest;
			};
			name = Release;
		};
/* End XCBuildConfiguration section */

/* Begin XCConfigurationList section */
		ACE6019E1900256800040DDB /* Build configuration list for PBXProject "LocalNotify" */ = {
			isa = XCConfigurationList;
			buildConfigurations = (
				ACE601D31900256800040DDB /* Debug */,
				ACE601D41900256800040DDB /* Release */,
			);
			defaultConfigurationIsVisible = 0;
			defaultConfigurationName = Release;
		};
		ACE601D51900256800040DDB /* Build configuration list for PBXNativeTarget "LocalNotify" */ = {
			isa = XCConfigurationList;
			buildConfigurations = (
				ACE601D61900256800040DDB /* Debug */,
				ACE601D71900256800040DDB /* Release */,
			);
			defaultConfigurationIsVisible = 0;
		};
		ACE601D81900256800040DDB /* Build configuration list for PBXNativeTarget "LocalNotifyTests" */ = {
			isa = XCConfigurationList;
			buildConfigurations = (
				ACE601D91900256800040DDB /* Debug */,
				ACE601DA1900256800040DDB /* Release */,
			);
			defaultConfigurationIsVisible = 0;
		};
/* End XCConfigurationList section */
	};
	rootObject = ACE6019B1900256800040DDB /* Project object */;
}
